{
  "name": "next-app",
  "version": "0.1.0",
  "lockfileVersion": 2,
  "requires": true,
  "packages": {
    "": {
      "name": "next-app",
      "version": "0.1.0",
      "dependencies": {
        "@react-three/fiber": "^8.3.1",
        "next": "^12.1.0",
        "react": "^18.2.0",
        "react-dom": "^18.2.0",
        "react-globe": "^5.0.2",
        "react-icons": "^4.4.0",
        "react-three-fiber": "^6.0.13",
        "three": "^0.143.0"
      }
    },
    "node_modules/@babel/runtime": {
      "version": "7.18.9",
      "resolved": "https://registry.npmjs.org/@babel/runtime/-/runtime-7.18.9.tgz",
      "integrity": "sha512-lkqXDcvlFT5rvEjiu6+QYO+1GXrEHRo2LOtS7E4GtX5ESIZOgepqsZBVIj6Pv+a6zqsya9VCgiK1KAK4BvJDAw==",
      "dependencies": {
        "regenerator-runtime": "^0.13.4"
      },
      "engines": {
        "node": ">=6.9.0"
      }
    },
    "node_modules/@next/env": {
      "version": "12.2.5",
      "resolved": "https://registry.npmjs.org/@next/env/-/env-12.2.5.tgz",
      "integrity": "sha512-vLPLV3cpPGjUPT3PjgRj7e3nio9t6USkuew3JE/jMeon/9Mvp1WyR18v3iwnCuX7eUAm1HmAbJHHLAbcu/EJcw=="
    },
    "node_modules/@next/swc-android-arm-eabi": {
      "version": "12.2.5",
      "resolved": "https://registry.npmjs.org/@next/swc-android-arm-eabi/-/swc-android-arm-eabi-12.2.5.tgz",
      "integrity": "sha512-cPWClKxGhgn2dLWnspW+7psl3MoLQUcNqJqOHk2BhNcou9ARDtC0IjQkKe5qcn9qg7I7U83Gp1yh2aesZfZJMA==",
      "cpu": [
        "arm"
      ],
      "optional": true,
      "os": [
        "android"
      ],
      "engines": {
        "node": ">= 10"
      }
    },
    "node_modules/@next/swc-android-arm64": {
      "version": "12.2.5",
      "resolved": "https://registry.npmjs.org/@next/swc-android-arm64/-/swc-android-arm64-12.2.5.tgz",
      "integrity": "sha512-vMj0efliXmC5b7p+wfcQCX0AfU8IypjkzT64GiKJD9PgiA3IILNiGJr1fw2lyUDHkjeWx/5HMlMEpLnTsQslwg==",
      "cpu": [
        "arm64"
      ],
      "optional": true,
      "os": [
        "android"
      ],
      "engines": {
        "node": ">= 10"
      }
    },
    "node_modules/@next/swc-darwin-arm64": {
      "version": "12.2.5",
      "resolved": "https://registry.npmjs.org/@next/swc-darwin-arm64/-/swc-darwin-arm64-12.2.5.tgz",
      "integrity": "sha512-VOPWbO5EFr6snla/WcxUKtvzGVShfs302TEMOtzYyWni6f9zuOetijJvVh9CCTzInnXAZMtHyNhefijA4HMYLg==",
      "cpu": [
        "arm64"
      ],
      "optional": true,
      "os": [
        "darwin"
      ],
      "engines": {
        "node": ">= 10"
      }
    },
    "node_modules/@next/swc-darwin-x64": {
      "version": "12.2.5",
      "resolved": "https://registry.npmjs.org/@next/swc-darwin-x64/-/swc-darwin-x64-12.2.5.tgz",
      "integrity": "sha512-5o8bTCgAmtYOgauO/Xd27vW52G2/m3i5PX7MUYePquxXAnX73AAtqA3WgPXBRitEB60plSKZgOTkcpqrsh546A==",
      "cpu": [
        "x64"
      ],
      "optional": true,
      "os": [
        "darwin"
      ],
      "engines": {
        "node": ">= 10"
      }
    },
    "node_modules/@next/swc-freebsd-x64": {
      "version": "12.2.5",
      "resolved": "https://registry.npmjs.org/@next/swc-freebsd-x64/-/swc-freebsd-x64-12.2.5.tgz",
      "integrity": "sha512-yYUbyup1JnznMtEBRkK4LT56N0lfK5qNTzr6/DEyDw5TbFVwnuy2hhLBzwCBkScFVjpFdfiC6SQAX3FrAZzuuw==",
      "cpu": [
        "x64"
      ],
      "optional": true,
      "os": [
        "freebsd"
      ],
      "engines": {
        "node": ">= 10"
      }
    },
    "node_modules/@next/swc-linux-arm-gnueabihf": {
      "version": "12.2.5",
      "resolved": "https://registry.npmjs.org/@next/swc-linux-arm-gnueabihf/-/swc-linux-arm-gnueabihf-12.2.5.tgz",
      "integrity": "sha512-2ZE2/G921Acks7UopJZVMgKLdm4vN4U0yuzvAMJ6KBavPzqESA2yHJlm85TV/K9gIjKhSk5BVtauIUntFRP8cg==",
      "cpu": [
        "arm"
      ],
      "optional": true,
      "os": [
        "linux"
      ],
      "engines": {
        "node": ">= 10"
      }
    },
    "node_modules/@next/swc-linux-arm64-gnu": {
      "version": "12.2.5",
      "resolved": "https://registry.npmjs.org/@next/swc-linux-arm64-gnu/-/swc-linux-arm64-gnu-12.2.5.tgz",
      "integrity": "sha512-/I6+PWVlz2wkTdWqhlSYYJ1pWWgUVva6SgX353oqTh8njNQp1SdFQuWDqk8LnM6ulheVfSsgkDzxrDaAQZnzjQ==",
      "cpu": [
        "arm64"
      ],
      "optional": true,
      "os": [
        "linux"
      ],
      "engines": {
        "node": ">= 10"
      }
    },
    "node_modules/@next/swc-linux-arm64-musl": {
      "version": "12.2.5",
      "resolved": "https://registry.npmjs.org/@next/swc-linux-arm64-musl/-/swc-linux-arm64-musl-12.2.5.tgz",
      "integrity": "sha512-LPQRelfX6asXyVr59p5sTpx5l+0yh2Vjp/R8Wi4X9pnqcayqT4CUJLiHqCvZuLin3IsFdisJL0rKHMoaZLRfmg==",
      "cpu": [
        "arm64"
      ],
      "optional": true,
      "os": [
        "linux"
      ],
      "engines": {
        "node": ">= 10"
      }
    },
    "node_modules/@next/swc-linux-x64-gnu": {
      "version": "12.2.5",
      "resolved": "https://registry.npmjs.org/@next/swc-linux-x64-gnu/-/swc-linux-x64-gnu-12.2.5.tgz",
      "integrity": "sha512-0szyAo8jMCClkjNK0hknjhmAngUppoRekW6OAezbEYwHXN/VNtsXbfzgYOqjKWxEx3OoAzrT3jLwAF0HdX2MEw==",
      "cpu": [
        "x64"
      ],
      "optional": true,
      "os": [
        "linux"
      ],
      "engines": {
        "node": ">= 10"
      }
    },
    "node_modules/@next/swc-linux-x64-musl": {
      "version": "12.2.5",
      "resolved": "https://registry.npmjs.org/@next/swc-linux-x64-musl/-/swc-linux-x64-musl-12.2.5.tgz",
      "integrity": "sha512-zg/Y6oBar1yVnW6Il1I/08/2ukWtOG6s3acdJdEyIdsCzyQi4RLxbbhkD/EGQyhqBvd3QrC6ZXQEXighQUAZ0g==",
      "cpu": [
        "x64"
      ],
      "optional": true,
      "os": [
        "linux"
      ],
      "engines": {
        "node": ">= 10"
      }
    },
    "node_modules/@next/swc-win32-arm64-msvc": {
      "version": "12.2.5",
      "resolved": "https://registry.npmjs.org/@next/swc-win32-arm64-msvc/-/swc-win32-arm64-msvc-12.2.5.tgz",
      "integrity": "sha512-3/90DRNSqeeSRMMEhj4gHHQlLhhKg5SCCoYfE3kBjGpE63EfnblYUqsszGGZ9ekpKL/R4/SGB40iCQr8tR5Jiw==",
      "cpu": [
        "arm64"
      ],
      "optional": true,
      "os": [
        "win32"
      ],
      "engines": {
        "node": ">= 10"
      }
    },
    "node_modules/@next/swc-win32-ia32-msvc": {
      "version": "12.2.5",
      "resolved": "https://registry.npmjs.org/@next/swc-win32-ia32-msvc/-/swc-win32-ia32-msvc-12.2.5.tgz",
      "integrity": "sha512-hGLc0ZRAwnaPL4ulwpp4D2RxmkHQLuI8CFOEEHdzZpS63/hMVzv81g8jzYA0UXbb9pus/iTc3VRbVbAM03SRrw==",
      "cpu": [
        "ia32"
      ],
      "optional": true,
      "os": [
        "win32"
      ],
      "engines": {
        "node": ">= 10"
      }
    },
    "node_modules/@next/swc-win32-x64-msvc": {
      "version": "12.2.5",
      "resolved": "https://registry.npmjs.org/@next/swc-win32-x64-msvc/-/swc-win32-x64-msvc-12.2.5.tgz",
      "integrity": "sha512-7h5/ahY7NeaO2xygqVrSG/Y8Vs4cdjxIjowTZ5W6CKoTKn7tmnuxlUc2h74x06FKmbhAd9agOjr/AOKyxYYm9Q==",
      "cpu": [
        "x64"
      ],
      "optional": true,
      "os": [
        "win32"
      ],
      "engines": {
        "node": ">= 10"
      }
    },
    "node_modules/@popperjs/core": {
      "version": "2.11.6",
      "resolved": "https://registry.npmjs.org/@popperjs/core/-/core-2.11.6.tgz",
      "integrity": "sha512-50/17A98tWUfQ176raKiOGXuYpLyyVMkxxG6oylzL3BPOlA6ADGdK7EYunSa4I064xerltq9TGXs8HmOk5E+vw==",
      "funding": {
        "type": "opencollective",
        "url": "https://opencollective.com/popperjs"
      }
    },
    "node_modules/@react-three/fiber": {
      "version": "8.3.1",
      "resolved": "https://registry.npmjs.org/@react-three/fiber/-/fiber-8.3.1.tgz",
      "integrity": "sha512-5I1fcnE/3Y89MBNtC58N4ZEm962NqlFwBChhS09AVBz9PmD51uwY0z4y6WPMoVVKhUG39CS6iSbTPQwZygkerA==",
      "dependencies": {
        "@babel/runtime": "^7.17.8",
        "@types/react-reconciler": "^0.26.7",
        "react-reconciler": "^0.27.0",
        "react-use-measure": "^2.1.1",
        "scheduler": "^0.21.0",
        "suspend-react": "^0.0.8",
        "zustand": "^3.7.1"
      },
      "peerDependencies": {
        "expo": ">=43.0",
        "expo-asset": ">=8.4",
        "expo-gl": ">=11.0",
        "react": ">=18.0",
        "react-dom": ">=18.0",
        "react-native": ">=0.64",
        "three": ">=0.133"
      },
      "peerDependenciesMeta": {
        "expo": {
          "optional": true
        },
        "expo-asset": {
          "optional": true
        },
        "expo-gl": {
          "optional": true
        },
        "react-dom": {
          "optional": true
        },
        "react-native": {
          "optional": true
        }
      }
    },
    "node_modules/@swc/helpers": {
      "version": "0.4.3",
      "resolved": "https://registry.npmjs.org/@swc/helpers/-/helpers-0.4.3.tgz",
      "integrity": "sha512-6JrF+fdUK2zbGpJIlN7G3v966PQjyx/dPt1T9km2wj+EUBqgrxCk3uX4Kct16MIm9gGxfKRcfax2hVf5jvlTzA==",
      "dependencies": {
        "tslib": "^2.4.0"
      }
    },
    "node_modules/@types/prop-types": {
      "version": "15.7.5",
      "resolved": "https://registry.npmjs.org/@types/prop-types/-/prop-types-15.7.5.tgz",
      "integrity": "sha512-JCB8C6SnDoQf0cNycqd/35A7MjcnK+ZTqE7judS6o7utxUCg6imJg3QK2qzHKszlTjcj2cn+NwMB2i96ubpj7w=="
    },
    "node_modules/@types/react": {
      "version": "18.0.17",
      "resolved": "https://registry.npmjs.org/@types/react/-/react-18.0.17.tgz",
      "integrity": "sha512-38ETy4tL+rn4uQQi7mB81G7V1g0u2ryquNmsVIOKUAEIDK+3CUjZ6rSRpdvS99dNBnkLFL83qfmtLacGOTIhwQ==",
      "dependencies": {
        "@types/prop-types": "*",
        "@types/scheduler": "*",
        "csstype": "^3.0.2"
      }
    },
    "node_modules/@types/react-reconciler": {
      "version": "0.26.7",
      "resolved": "https://registry.npmjs.org/@types/react-reconciler/-/react-reconciler-0.26.7.tgz",
      "integrity": "sha512-mBDYl8x+oyPX/VBb3E638N0B7xG+SPk/EAMcVPeexqus/5aTpTphQi0curhhshOqRrc9t6OPoJfEUkbymse/lQ==",
      "dependencies": {
        "@types/react": "*"
      }
    },
    "node_modules/@types/scheduler": {
      "version": "0.16.2",
      "resolved": "https://registry.npmjs.org/@types/scheduler/-/scheduler-0.16.2.tgz",
      "integrity": "sha512-hppQEBDmlwhFAXKJX2KnWLYu5yMfi91yazPb2l+lbJiwW+wdo1gNeRA+3RgNSO39WYX2euey41KEwnqesU2Jew=="
    },
    "node_modules/caniuse-lite": {
      "version": "1.0.30001376",
      "resolved": "https://registry.npmjs.org/caniuse-lite/-/caniuse-lite-1.0.30001376.tgz",
      "integrity": "sha512-I27WhtOQ3X3v3it9gNs/oTpoE5KpwmqKR5oKPA8M0G7uMXh9Ty81Q904HpKUrM30ei7zfcL5jE7AXefgbOfMig==",
      "funding": [
        {
          "type": "opencollective",
          "url": "https://opencollective.com/browserslist"
        },
        {
          "type": "tidelift",
          "url": "https://tidelift.com/funding/github/npm/caniuse-lite"
        }
      ]
    },
    "node_modules/csstype": {
      "version": "3.1.0",
      "resolved": "https://registry.npmjs.org/csstype/-/csstype-3.1.0.tgz",
      "integrity": "sha512-uX1KG+x9h5hIJsaKR9xHUeUraxf8IODOwq9JLNPq6BwB04a/xgpq3rcx47l5BZu5zBPlgD342tdke3Hom/nJRA=="
    },
    "node_modules/d3-array": {
      "version": "2.12.1",
      "resolved": "https://registry.npmjs.org/d3-array/-/d3-array-2.12.1.tgz",
      "integrity": "sha512-B0ErZK/66mHtEsR1TkPEEkwdy+WDesimkM5gpZr5Dsg54BiTA5RXtYW5qTLIAcekaS9xfZrzBLF/OAkB3Qn1YQ==",
      "dependencies": {
        "internmap": "^1.0.0"
      }
    },
    "node_modules/d3-color": {
      "version": "2.0.0",
      "resolved": "https://registry.npmjs.org/d3-color/-/d3-color-2.0.0.tgz",
      "integrity": "sha512-SPXi0TSKPD4g9tw0NMZFnR95XVgUZiBH+uUTqQuDu1OsE2zomHU7ho0FISciaPvosimixwHFl3WHLGabv6dDgQ=="
    },
    "node_modules/d3-format": {
      "version": "2.0.0",
      "resolved": "https://registry.npmjs.org/d3-format/-/d3-format-2.0.0.tgz",
      "integrity": "sha512-Ab3S6XuE/Q+flY96HXT0jOXcM4EAClYFnRGY5zsjRGNy6qCYrQsMffs7cV5Q9xejb35zxW5hf/guKw34kvIKsA=="
    },
    "node_modules/d3-interpolate": {
      "version": "2.0.1",
      "resolved": "https://registry.npmjs.org/d3-interpolate/-/d3-interpolate-2.0.1.tgz",
      "integrity": "sha512-c5UhwwTs/yybcmTpAVqwSFl6vrQ8JZJoT5F7xNFK9pymv5C0Ymcc9/LIJHtYIggg/yS9YHw8i8O8tgb9pupjeQ==",
      "dependencies": {
        "d3-color": "1 - 2"
      }
    },
    "node_modules/d3-scale": {
      "version": "3.3.0",
      "resolved": "https://registry.npmjs.org/d3-scale/-/d3-scale-3.3.0.tgz",
      "integrity": "sha512-1JGp44NQCt5d1g+Yy+GeOnZP7xHo0ii8zsQp6PGzd+C1/dl0KGsp9A7Mxwp+1D1o4unbTTxVdU/ZOIEBoeZPbQ==",
      "dependencies": {
        "d3-array": "^2.3.0",
        "d3-format": "1 - 2",
        "d3-interpolate": "1.2.0 - 2",
        "d3-time": "^2.1.1",
        "d3-time-format": "2 - 3"
      }
    },
    "node_modules/d3-time": {
      "version": "2.1.1",
      "resolved": "https://registry.npmjs.org/d3-time/-/d3-time-2.1.1.tgz",
      "integrity": "sha512-/eIQe/eR4kCQwq7yxi7z4c6qEXf2IYGcjoWB5OOQy4Tq9Uv39/947qlDcN2TLkiTzQWzvnsuYPB9TrWaNfipKQ==",
      "dependencies": {
        "d3-array": "2"
      }
    },
    "node_modules/d3-time-format": {
      "version": "3.0.0",
      "resolved": "https://registry.npmjs.org/d3-time-format/-/d3-time-format-3.0.0.tgz",
      "integrity": "sha512-UXJh6EKsHBTjopVqZBhFysQcoXSv/5yLONZvkQ5Kk3qbwiUYkdX17Xa1PT6U1ZWXGGfB1ey5L8dKMlFq2DO0Ag==",
      "dependencies": {
        "d3-time": "1 - 2"
      }
    },
    "node_modules/debounce": {
      "version": "1.2.1",
      "resolved": "https://registry.npmjs.org/debounce/-/debounce-1.2.1.tgz",
      "integrity": "sha512-XRRe6Glud4rd/ZGQfiV1ruXSfbvfJedlV9Y6zOlP+2K04vBYiJEte6stfFkCP03aMnY5tsipamumUjL14fofug=="
    },
    "node_modules/es6-tween": {
      "version": "5.5.11",
      "resolved": "https://registry.npmjs.org/es6-tween/-/es6-tween-5.5.11.tgz",
      "integrity": "sha512-pRog/aPrGkPnblRJvuGcVTxlLqIu1TivB39zc6lw7jgOqIyOkqTBlTVr7ynlLjVGviezfYc3CZJWVAtOU3aoXQ==",
      "deprecated": "This project development suspended due of no support from community and no financial support to author",
      "funding": {
        "type": "patreon",
        "url": "https://www.patreon.com/dalisoft"
      }
    },
    "node_modules/internmap": {
      "version": "1.0.1",
      "resolved": "https://registry.npmjs.org/internmap/-/internmap-1.0.1.tgz",
      "integrity": "sha512-lDB5YccMydFBtasVtxnZ3MRBHuaoE8GKsppq+EchKL2U4nK/DmEpPHNH8MZe5HkMtpSiTSOZwfN0tzYjO/lJEw=="
    },
    "node_modules/js-tokens": {
      "version": "4.0.0",
      "resolved": "https://registry.npmjs.org/js-tokens/-/js-tokens-4.0.0.tgz",
      "integrity": "sha512-RdJUflcE3cUzKiMqQgsCu06FPu9UdIJO0beYbPhHN4k6apgJtifcoCtT9bcxOpYBtpD2kCM6Sbzg4CausW/PKQ=="
    },
    "node_modules/loose-envify": {
      "version": "1.4.0",
      "resolved": "https://registry.npmjs.org/loose-envify/-/loose-envify-1.4.0.tgz",
      "integrity": "sha512-lyuxPGr/Wfhrlem2CL/UcnUc1zcqKAImBDzukY7Y5F/yQiNdko6+fRLevlw1HgMySw7f611UIY408EtxRSoK3Q==",
      "dependencies": {
        "js-tokens": "^3.0.0 || ^4.0.0"
      },
      "bin": {
        "loose-envify": "cli.js"
      }
    },
    "node_modules/nanoid": {
      "version": "3.3.4",
      "resolved": "https://registry.npmjs.org/nanoid/-/nanoid-3.3.4.tgz",
      "integrity": "sha512-MqBkQh/OHTS2egovRtLk45wEyNXwF+cokD+1YPf9u5VfJiRdAiRwB2froX5Co9Rh20xs4siNPm8naNotSD6RBw==",
      "bin": {
        "nanoid": "bin/nanoid.cjs"
      },
      "engines": {
        "node": "^10 || ^12 || ^13.7 || ^14 || >=15.0.1"
      }
    },
    "node_modules/next": {
      "version": "12.2.5",
      "resolved": "https://registry.npmjs.org/next/-/next-12.2.5.tgz",
      "integrity": "sha512-tBdjqX5XC/oFs/6gxrZhjmiq90YWizUYU6qOWAfat7zJwrwapJ+BYgX2PmiacunXMaRpeVT4vz5MSPSLgNkrpA==",
      "dependencies": {
        "@next/env": "12.2.5",
        "@swc/helpers": "0.4.3",
        "caniuse-lite": "^1.0.30001332",
        "postcss": "8.4.14",
        "styled-jsx": "5.0.4",
        "use-sync-external-store": "1.2.0"
      },
      "bin": {
        "next": "dist/bin/next"
      },
      "engines": {
        "node": ">=12.22.0"
      },
      "optionalDependencies": {
        "@next/swc-android-arm-eabi": "12.2.5",
        "@next/swc-android-arm64": "12.2.5",
        "@next/swc-darwin-arm64": "12.2.5",
        "@next/swc-darwin-x64": "12.2.5",
        "@next/swc-freebsd-x64": "12.2.5",
        "@next/swc-linux-arm-gnueabihf": "12.2.5",
        "@next/swc-linux-arm64-gnu": "12.2.5",
        "@next/swc-linux-arm64-musl": "12.2.5",
        "@next/swc-linux-x64-gnu": "12.2.5",
        "@next/swc-linux-x64-musl": "12.2.5",
        "@next/swc-win32-arm64-msvc": "12.2.5",
        "@next/swc-win32-ia32-msvc": "12.2.5",
        "@next/swc-win32-x64-msvc": "12.2.5"
      },
      "peerDependencies": {
        "fibers": ">= 3.1.0",
        "node-sass": "^6.0.0 || ^7.0.0",
        "react": "^17.0.2 || ^18.0.0-0",
        "react-dom": "^17.0.2 || ^18.0.0-0",
        "sass": "^1.3.0"
      },
      "peerDependenciesMeta": {
        "fibers": {
          "optional": true
        },
        "node-sass": {
          "optional": true
        },
        "sass": {
          "optional": true
        }
      }
    },
    "node_modules/picocolors": {
      "version": "1.0.0",
      "resolved": "https://registry.npmjs.org/picocolors/-/picocolors-1.0.0.tgz",
      "integrity": "sha512-1fygroTLlHu66zi26VoTDv8yRgm0Fccecssto+MhsZ0D/DGW2sm8E8AjW7NU5VVTRt5GxbeZ5qBuJr+HyLYkjQ=="
    },
    "node_modules/postcss": {
      "version": "8.4.14",
      "resolved": "https://registry.npmjs.org/postcss/-/postcss-8.4.14.tgz",
      "integrity": "sha512-E398TUmfAYFPBSdzgeieK2Y1+1cpdxJx8yXbK/m57nRhKSmk1GB2tO4lbLBtlkfPQTDKfe4Xqv1ASWPpayPEig==",
      "funding": [
        {
          "type": "opencollective",
          "url": "https://opencollective.com/postcss/"
        },
        {
          "type": "tidelift",
          "url": "https://tidelift.com/funding/github/npm/postcss"
        }
      ],
      "dependencies": {
        "nanoid": "^3.3.4",
        "picocolors": "^1.0.0",
        "source-map-js": "^1.0.2"
      },
      "engines": {
        "node": "^10 || ^12 || >=14"
      }
    },
    "node_modules/react": {
      "version": "18.2.0",
      "resolved": "https://registry.npmjs.org/react/-/react-18.2.0.tgz",
      "integrity": "sha512-/3IjMdb2L9QbBdWiW5e3P2/npwMBaU9mHCSCUzNln0ZCYbcfTsGbTJrU/kGemdH2IWmB2ioZ+zkxtmq6g09fGQ==",
      "dependencies": {
        "loose-envify": "^1.1.0"
      },
      "engines": {
        "node": ">=0.10.0"
      }
    },
    "node_modules/react-dom": {
      "version": "18.2.0",
      "resolved": "https://registry.npmjs.org/react-dom/-/react-dom-18.2.0.tgz",
      "integrity": "sha512-6IMTriUmvsjHUjNtEDudZfuDQUoWXVxKHhlEGSk81n4YFS+r/Kl99wXiwlVXtPBtJenozv2P+hxDsw9eA7Xo6g==",
      "dependencies": {
        "loose-envify": "^1.1.0",
        "scheduler": "^0.23.0"
      },
      "peerDependencies": {
        "react": "^18.2.0"
      }
    },
    "node_modules/react-dom/node_modules/scheduler": {
      "version": "0.23.0",
      "resolved": "https://registry.npmjs.org/scheduler/-/scheduler-0.23.0.tgz",
      "integrity": "sha512-CtuThmgHNg7zIZWAXi3AsyIzA3n4xx7aNyjwC2VJldO2LMVDhFK+63xGqq6CsJH4rTAt6/M+N4GhZiDYPx9eUw==",
      "dependencies": {
        "loose-envify": "^1.1.0"
      }
    },
    "node_modules/react-globe": {
      "version": "5.0.2",
      "resolved": "https://registry.npmjs.org/react-globe/-/react-globe-5.0.2.tgz",
      "integrity": "sha512-ODLuPsmmbhiiOzF3Dqq5m4IYxxkA8r7oc2MPF4SgedkRLLptD8LsF6BrQhc4N/rMf/H4Hpv1gSaXJOClQRYnsw==",
      "dependencies": {
        "d3-scale": "^3.0.0",
        "es6-tween": "^5.5.10",
        "resize-observer-polyfill": "^1.5.1",
        "three-glow-mesh": "^0.1.2",
        "three.interaction": "^0.2.3",
        "tippy.js": "^6.2.6"
      },
      "peerDependencies": {
        "react": ">= 16.13.1",
        "three": ">= 0.118.3"
      }
    },
    "node_modules/react-icons": {
      "version": "4.4.0",
      "resolved": "https://registry.npmjs.org/react-icons/-/react-icons-4.4.0.tgz",
      "integrity": "sha512-fSbvHeVYo/B5/L4VhB7sBA1i2tS8MkT0Hb9t2H1AVPkwGfVHLJCqyr2Py9dKMxsyM63Eng1GkdZfbWj+Fmv8Rg==",
      "peerDependencies": {
        "react": "*"
      }
    },
    "node_modules/react-reconciler": {
      "version": "0.27.0",
      "resolved": "https://registry.npmjs.org/react-reconciler/-/react-reconciler-0.27.0.tgz",
      "integrity": "sha512-HmMDKciQjYmBRGuuhIaKA1ba/7a+UsM5FzOZsMO2JYHt9Jh8reCb7j1eDC95NOyUlKM9KRyvdx0flBuDvYSBoA==",
      "dependencies": {
        "loose-envify": "^1.1.0",
        "scheduler": "^0.21.0"
      },
      "engines": {
        "node": ">=0.10.0"
      },
      "peerDependencies": {
        "react": "^18.0.0"
      }
    },
    "node_modules/react-three-fiber": {
      "version": "6.0.13",
      "resolved": "https://registry.npmjs.org/react-three-fiber/-/react-three-fiber-6.0.13.tgz",
      "integrity": "sha512-uShQnkMVLvnzwf3YzY9mnzCnpmLpvTQkc0ycrtwk8fyjXmZt2695tLn3tufPF6uxq06UKJRKJcjCVCMXyUcEPQ==",
      "deprecated": "react-three-fiber has been deprecated, please use @react-three/fiber from now on",
      "dependencies": {
        "@react-three/fiber": "latest"
      },
      "peerDependencies": {
        "react": ">=17.0",
        "react-dom": ">=17.0",
        "three": ">=0.126"
      },
      "peerDependenciesMeta": {
        "react-dom": {
          "optional": true
        }
      }
    },
    "node_modules/react-use-measure": {
      "version": "2.1.1",
      "resolved": "https://registry.npmjs.org/react-use-measure/-/react-use-measure-2.1.1.tgz",
      "integrity": "sha512-nocZhN26cproIiIduswYpV5y5lQpSQS1y/4KuvUCjSKmw7ZWIS/+g3aFnX3WdBkyuGUtTLif3UTqnLLhbDoQig==",
      "dependencies": {
        "debounce": "^1.2.1"
      },
      "peerDependencies": {
        "react": ">=16.13",
        "react-dom": ">=16.13"
      }
    },
    "node_modules/regenerator-runtime": {
      "version": "0.13.9",
      "resolved": "https://registry.npmjs.org/regenerator-runtime/-/regenerator-runtime-0.13.9.tgz",
      "integrity": "sha512-p3VT+cOEgxFsRRA9X4lkI1E+k2/CtnKtU4gcxyaCUreilL/vqI6CdZ3wxVUx3UOUg+gnUOQQcRI7BmSI656MYA=="
    },
    "node_modules/resize-observer-polyfill": {
      "version": "1.5.1",
      "resolved": "https://registry.npmjs.org/resize-observer-polyfill/-/resize-observer-polyfill-1.5.1.tgz",
      "integrity": "sha512-LwZrotdHOo12nQuZlHEmtuXdqGoOD0OhaxopaNFxWzInpEgaLWoVuAMbTzixuosCx2nEG58ngzW3vxdWoxIgdg=="
    },
    "node_modules/scheduler": {
      "version": "0.21.0",
      "resolved": "https://registry.npmjs.org/scheduler/-/scheduler-0.21.0.tgz",
      "integrity": "sha512-1r87x5fz9MXqswA2ERLo0EbOAU74DpIUO090gIasYTqlVoJeMcl+Z1Rg7WHz+qtPujhS/hGIt9kxZOYBV3faRQ==",
      "dependencies": {
        "loose-envify": "^1.1.0"
      }
    },
    "node_modules/source-map-js": {
      "version": "1.0.2",
      "resolved": "https://registry.npmjs.org/source-map-js/-/source-map-js-1.0.2.tgz",
      "integrity": "sha512-R0XvVJ9WusLiqTCEiGCmICCMplcCkIwwR11mOSD9CR5u+IXYdiseeEuXCVAjS54zqwkLcPNnmU4OeJ6tUrWhDw==",
      "engines": {
        "node": ">=0.10.0"
      }
    },
    "node_modules/styled-jsx": {
      "version": "5.0.4",
      "resolved": "https://registry.npmjs.org/styled-jsx/-/styled-jsx-5.0.4.tgz",
      "integrity": "sha512-sDFWLbg4zR+UkNzfk5lPilyIgtpddfxXEULxhujorr5jtePTUqiPDc5BC0v1NRqTr/WaFBGQQUoYToGlF4B2KQ==",
      "engines": {
        "node": ">= 12.0.0"
      },
      "peerDependencies": {
        "react": ">= 16.8.0 || 17.x.x || ^18.0.0-0"
      },
      "peerDependenciesMeta": {
        "@babel/core": {
          "optional": true
        },
        "babel-plugin-macros": {
          "optional": true
        }
      }
    },
    "node_modules/suspend-react": {
      "version": "0.0.8",
      "resolved": "https://registry.npmjs.org/suspend-react/-/suspend-react-0.0.8.tgz",
      "integrity": "sha512-ZC3r8Hu1y0dIThzsGw0RLZplnX9yXwfItcvaIzJc2VQVi8TGyGDlu92syMB5ulybfvGLHAI5Ghzlk23UBPF8xg==",
      "peerDependencies": {
        "react": ">=17.0"
      }
    },
    "node_modules/three": {
      "version": "0.143.0",
      "resolved": "https://registry.npmjs.org/three/-/three-0.143.0.tgz",
      "integrity": "sha512-oKcAGYHhJ46TGEuHjodo2n6TY2R6lbvrkp+feKZxqsUL/WkH7GKKaeu6RHeyb2Xjfk2dPLRKLsOP0KM2VgT8Zg=="
    },
    "node_modules/three-glow-mesh": {
      "version": "0.1.2",
      "resolved": "https://registry.npmjs.org/three-glow-mesh/-/three-glow-mesh-0.1.2.tgz",
      "integrity": "sha512-sjiRl8PdRuc5xzZtaAusumx4sS/zRAYiFSQ1bNefRrJOXgu+ZHxq4/vYwRoa85PwPKLkp2SCo3Lu4JfJrphngw==",
      "peerDependencies": {
        "three": ">= 0.102.0"
      }
    },
    "node_modules/three.interaction": {
      "version": "0.2.3",
      "resolved": "https://registry.npmjs.org/three.interaction/-/three.interaction-0.2.3.tgz",
      "integrity": "sha512-gipj4E9WSASSys3SC5uU8HPmHodTDYmggJqKN5yjl6S2vG966EkGLu67jkXQoyB/yvGx38C72vHwdjICAh+avg==",
      "peerDependencies": {
        "three": "^0.89.0"
      }
    },
    "node_modules/tippy.js": {
      "version": "6.3.7",
      "resolved": "https://registry.npmjs.org/tippy.js/-/tippy.js-6.3.7.tgz",
      "integrity": "sha512-E1d3oP2emgJ9dRQZdf3Kkn0qJgI6ZLpyS5z6ZkY1DF3kaQaBsGZsndEpHwx+eC+tYM41HaSNvNtLx8tU57FzTQ==",
      "dependencies": {
        "@popperjs/core": "^2.9.0"
      }
    },
    "node_modules/tslib": {
      "version": "2.4.0",
      "resolved": "https://registry.npmjs.org/tslib/-/tslib-2.4.0.tgz",
      "integrity": "sha512-d6xOpEDfsi2CZVlPQzGeux8XMwLT9hssAsaPYExaQMuYskwb+x1x7J371tWlbBdWHroy99KnVB6qIkUbs5X3UQ=="
    },
    "node_modules/use-sync-external-store": {
      "version": "1.2.0",
      "resolved": "https://registry.npmjs.org/use-sync-external-store/-/use-sync-external-store-1.2.0.tgz",
      "integrity": "sha512-eEgnFxGQ1Ife9bzYs6VLi8/4X6CObHMw9Qr9tPY43iKwsPw8xE8+EFsf/2cFZ5S3esXgpWgtSCtLNS41F+sKPA==",
      "peerDependencies": {
        "react": "^16.8.0 || ^17.0.0 || ^18.0.0"
      }
    },
    "node_modules/zustand": {
      "version": "3.7.2",
      "resolved": "https://registry.npmjs.org/zustand/-/zustand-3.7.2.tgz",
      "integrity": "sha512-PIJDIZKtokhof+9+60cpockVOq05sJzHCriyvaLBmEJixseQ1a5Kdov6fWZfWOu5SK9c+FhH1jU0tntLxRJYMA==",
      "engines": {
        "node": ">=12.7.0"
      },
      "peerDependencies": {
        "react": ">=16.8"
      },
      "peerDependenciesMeta": {
        "react": {
          "optional": true
        }
      }
    }
  },
  "dependencies": {
    "@babel/runtime": {
      "version": "7.18.9",
      "resolved": "https://registry.npmjs.org/@babel/runtime/-/runtime-7.18.9.tgz",
      "integrity": "sha512-lkqXDcvlFT5rvEjiu6+QYO+1GXrEHRo2LOtS7E4GtX5ESIZOgepqsZBVIj6Pv+a6zqsya9VCgiK1KAK4BvJDAw==",
      "requires": {
        "regenerator-runtime": "^0.13.4"
      }
    },
    "@next/env": {
      "version": "12.2.5",
      "resolved": "https://registry.npmjs.org/@next/env/-/env-12.2.5.tgz",
      "integrity": "sha512-vLPLV3cpPGjUPT3PjgRj7e3nio9t6USkuew3JE/jMeon/9Mvp1WyR18v3iwnCuX7eUAm1HmAbJHHLAbcu/EJcw=="
    },
    "@next/swc-android-arm-eabi": {
      "version": "12.2.5",
      "resolved": "https://registry.npmjs.org/@next/swc-android-arm-eabi/-/swc-android-arm-eabi-12.2.5.tgz",
      "integrity": "sha512-cPWClKxGhgn2dLWnspW+7psl3MoLQUcNqJqOHk2BhNcou9ARDtC0IjQkKe5qcn9qg7I7U83Gp1yh2aesZfZJMA==",
      "optional": true
    },
    "@next/swc-android-arm64": {
      "version": "12.2.5",
      "resolved": "https://registry.npmjs.org/@next/swc-android-arm64/-/swc-android-arm64-12.2.5.tgz",
      "integrity": "sha512-vMj0efliXmC5b7p+wfcQCX0AfU8IypjkzT64GiKJD9PgiA3IILNiGJr1fw2lyUDHkjeWx/5HMlMEpLnTsQslwg==",
      "optional": true
    },
    "@next/swc-darwin-arm64": {
      "version": "12.2.5",
      "resolved": "https://registry.npmjs.org/@next/swc-darwin-arm64/-/swc-darwin-arm64-12.2.5.tgz",
      "integrity": "sha512-VOPWbO5EFr6snla/WcxUKtvzGVShfs302TEMOtzYyWni6f9zuOetijJvVh9CCTzInnXAZMtHyNhefijA4HMYLg==",
      "optional": true
    },
    "@next/swc-darwin-x64": {
      "version": "12.2.5",
      "resolved": "https://registry.npmjs.org/@next/swc-darwin-x64/-/swc-darwin-x64-12.2.5.tgz",
      "integrity": "sha512-5o8bTCgAmtYOgauO/Xd27vW52G2/m3i5PX7MUYePquxXAnX73AAtqA3WgPXBRitEB60plSKZgOTkcpqrsh546A==",
      "optional": true
    },
    "@next/swc-freebsd-x64": {
      "version": "12.2.5",
      "resolved": "https://registry.npmjs.org/@next/swc-freebsd-x64/-/swc-freebsd-x64-12.2.5.tgz",
      "integrity": "sha512-yYUbyup1JnznMtEBRkK4LT56N0lfK5qNTzr6/DEyDw5TbFVwnuy2hhLBzwCBkScFVjpFdfiC6SQAX3FrAZzuuw==",
      "optional": true
    },
    "@next/swc-linux-arm-gnueabihf": {
      "version": "12.2.5",
      "resolved": "https://registry.npmjs.org/@next/swc-linux-arm-gnueabihf/-/swc-linux-arm-gnueabihf-12.2.5.tgz",
      "integrity": "sha512-2ZE2/G921Acks7UopJZVMgKLdm4vN4U0yuzvAMJ6KBavPzqESA2yHJlm85TV/K9gIjKhSk5BVtauIUntFRP8cg==",
      "optional": true
    },
    "@next/swc-linux-arm64-gnu": {
      "version": "12.2.5",
      "resolved": "https://registry.npmjs.org/@next/swc-linux-arm64-gnu/-/swc-linux-arm64-gnu-12.2.5.tgz",
      "integrity": "sha512-/I6+PWVlz2wkTdWqhlSYYJ1pWWgUVva6SgX353oqTh8njNQp1SdFQuWDqk8LnM6ulheVfSsgkDzxrDaAQZnzjQ==",
      "optional": true
    },
    "@next/swc-linux-arm64-musl": {
      "version": "12.2.5",
      "resolved": "https://registry.npmjs.org/@next/swc-linux-arm64-musl/-/swc-linux-arm64-musl-12.2.5.tgz",
      "integrity": "sha512-LPQRelfX6asXyVr59p5sTpx5l+0yh2Vjp/R8Wi4X9pnqcayqT4CUJLiHqCvZuLin3IsFdisJL0rKHMoaZLRfmg==",
      "optional": true
    },
    "@next/swc-linux-x64-gnu": {
      "version": "12.2.5",
      "resolved": "https://registry.npmjs.org/@next/swc-linux-x64-gnu/-/swc-linux-x64-gnu-12.2.5.tgz",
      "integrity": "sha512-0szyAo8jMCClkjNK0hknjhmAngUppoRekW6OAezbEYwHXN/VNtsXbfzgYOqjKWxEx3OoAzrT3jLwAF0HdX2MEw==",
      "optional": true
    },
    "@next/swc-linux-x64-musl": {
      "version": "12.2.5",
      "resolved": "https://registry.npmjs.org/@next/swc-linux-x64-musl/-/swc-linux-x64-musl-12.2.5.tgz",
      "integrity": "sha512-zg/Y6oBar1yVnW6Il1I/08/2ukWtOG6s3acdJdEyIdsCzyQi4RLxbbhkD/EGQyhqBvd3QrC6ZXQEXighQUAZ0g==",
      "optional": true
    },
    "@next/swc-win32-arm64-msvc": {
      "version": "12.2.5",
      "resolved": "https://registry.npmjs.org/@next/swc-win32-arm64-msvc/-/swc-win32-arm64-msvc-12.2.5.tgz",
      "integrity": "sha512-3/90DRNSqeeSRMMEhj4gHHQlLhhKg5SCCoYfE3kBjGpE63EfnblYUqsszGGZ9ekpKL/R4/SGB40iCQr8tR5Jiw==",
      "optional": true
    },
    "@next/swc-win32-ia32-msvc": {
      "version": "12.2.5",
      "resolved": "https://registry.npmjs.org/@next/swc-win32-ia32-msvc/-/swc-win32-ia32-msvc-12.2.5.tgz",
      "integrity": "sha512-hGLc0ZRAwnaPL4ulwpp4D2RxmkHQLuI8CFOEEHdzZpS63/hMVzv81g8jzYA0UXbb9pus/iTc3VRbVbAM03SRrw==",
      "optional": true
    },
    "@next/swc-win32-x64-msvc": {
      "version": "12.2.5",
      "resolved": "https://registry.npmjs.org/@next/swc-win32-x64-msvc/-/swc-win32-x64-msvc-12.2.5.tgz",
      "integrity": "sha512-7h5/ahY7NeaO2xygqVrSG/Y8Vs4cdjxIjowTZ5W6CKoTKn7tmnuxlUc2h74x06FKmbhAd9agOjr/AOKyxYYm9Q==",
      "optional": true
    },
    "@popperjs/core": {
      "version": "2.11.6",
      "resolved": "https://registry.npmjs.org/@popperjs/core/-/core-2.11.6.tgz",
      "integrity": "sha512-50/17A98tWUfQ176raKiOGXuYpLyyVMkxxG6oylzL3BPOlA6ADGdK7EYunSa4I064xerltq9TGXs8HmOk5E+vw=="
    },
    "@react-three/fiber": {
      "version": "8.3.1",
      "resolved": "https://registry.npmjs.org/@react-three/fiber/-/fiber-8.3.1.tgz",
      "integrity": "sha512-5I1fcnE/3Y89MBNtC58N4ZEm962NqlFwBChhS09AVBz9PmD51uwY0z4y6WPMoVVKhUG39CS6iSbTPQwZygkerA==",
      "requires": {
        "@babel/runtime": "^7.17.8",
        "@types/react-reconciler": "^0.26.7",
        "react-reconciler": "^0.27.0",
        "react-use-measure": "^2.1.1",
        "scheduler": "^0.21.0",
        "suspend-react": "^0.0.8",
        "zustand": "^3.7.1"
      }
    },
    "@swc/helpers": {
      "version": "0.4.3",
      "resolved": "https://registry.npmjs.org/@swc/helpers/-/helpers-0.4.3.tgz",
      "integrity": "sha512-6JrF+fdUK2zbGpJIlN7G3v966PQjyx/dPt1T9km2wj+EUBqgrxCk3uX4Kct16MIm9gGxfKRcfax2hVf5jvlTzA==",
      "requires": {
        "tslib": "^2.4.0"
      }
    },
    "@types/prop-types": {
      "version": "15.7.5",
      "resolved": "https://registry.npmjs.org/@types/prop-types/-/prop-types-15.7.5.tgz",
      "integrity": "sha512-JCB8C6SnDoQf0cNycqd/35A7MjcnK+ZTqE7judS6o7utxUCg6imJg3QK2qzHKszlTjcj2cn+NwMB2i96ubpj7w=="
    },
    "@types/react": {
      "version": "18.0.17",
      "resolved": "https://registry.npmjs.org/@types/react/-/react-18.0.17.tgz",
      "integrity": "sha512-38ETy4tL+rn4uQQi7mB81G7V1g0u2ryquNmsVIOKUAEIDK+3CUjZ6rSRpdvS99dNBnkLFL83qfmtLacGOTIhwQ==",
      "requires": {
        "@types/prop-types": "*",
        "@types/scheduler": "*",
        "csstype": "^3.0.2"
      }
    },
    "@types/react-reconciler": {
      "version": "0.26.7",
      "resolved": "https://registry.npmjs.org/@types/react-reconciler/-/react-reconciler-0.26.7.tgz",
      "integrity": "sha512-mBDYl8x+oyPX/VBb3E638N0B7xG+SPk/EAMcVPeexqus/5aTpTphQi0curhhshOqRrc9t6OPoJfEUkbymse/lQ==",
      "requires": {
        "@types/react": "*"
      }
    },
    "@types/scheduler": {
      "version": "0.16.2",
      "resolved": "https://registry.npmjs.org/@types/scheduler/-/scheduler-0.16.2.tgz",
      "integrity": "sha512-hppQEBDmlwhFAXKJX2KnWLYu5yMfi91yazPb2l+lbJiwW+wdo1gNeRA+3RgNSO39WYX2euey41KEwnqesU2Jew=="
    },
    "caniuse-lite": {
      "version": "1.0.30001376",
      "resolved": "https://registry.npmjs.org/caniuse-lite/-/caniuse-lite-1.0.30001376.tgz",
      "integrity": "sha512-I27WhtOQ3X3v3it9gNs/oTpoE5KpwmqKR5oKPA8M0G7uMXh9Ty81Q904HpKUrM30ei7zfcL5jE7AXefgbOfMig=="
    },
    "csstype": {
      "version": "3.1.0",
      "resolved": "https://registry.npmjs.org/csstype/-/csstype-3.1.0.tgz",
      "integrity": "sha512-uX1KG+x9h5hIJsaKR9xHUeUraxf8IODOwq9JLNPq6BwB04a/xgpq3rcx47l5BZu5zBPlgD342tdke3Hom/nJRA=="
    },
    "d3-array": {
      "version": "2.12.1",
      "resolved": "https://registry.npmjs.org/d3-array/-/d3-array-2.12.1.tgz",
      "integrity": "sha512-B0ErZK/66mHtEsR1TkPEEkwdy+WDesimkM5gpZr5Dsg54BiTA5RXtYW5qTLIAcekaS9xfZrzBLF/OAkB3Qn1YQ==",
      "requires": {
        "internmap": "^1.0.0"
      }
    },
    "d3-color": {
      "version": "2.0.0",
      "resolved": "https://registry.npmjs.org/d3-color/-/d3-color-2.0.0.tgz",
      "integrity": "sha512-SPXi0TSKPD4g9tw0NMZFnR95XVgUZiBH+uUTqQuDu1OsE2zomHU7ho0FISciaPvosimixwHFl3WHLGabv6dDgQ=="
    },
    "d3-format": {
      "version": "2.0.0",
      "resolved": "https://registry.npmjs.org/d3-format/-/d3-format-2.0.0.tgz",
      "integrity": "sha512-Ab3S6XuE/Q+flY96HXT0jOXcM4EAClYFnRGY5zsjRGNy6qCYrQsMffs7cV5Q9xejb35zxW5hf/guKw34kvIKsA=="
    },
    "d3-interpolate": {
      "version": "2.0.1",
      "resolved": "https://registry.npmjs.org/d3-interpolate/-/d3-interpolate-2.0.1.tgz",
      "integrity": "sha512-c5UhwwTs/yybcmTpAVqwSFl6vrQ8JZJoT5F7xNFK9pymv5C0Ymcc9/LIJHtYIggg/yS9YHw8i8O8tgb9pupjeQ==",
      "requires": {
        "d3-color": "1 - 2"
      }
    },
    "d3-scale": {
      "version": "3.3.0",
      "resolved": "https://registry.npmjs.org/d3-scale/-/d3-scale-3.3.0.tgz",
      "integrity": "sha512-1JGp44NQCt5d1g+Yy+GeOnZP7xHo0ii8zsQp6PGzd+C1/dl0KGsp9A7Mxwp+1D1o4unbTTxVdU/ZOIEBoeZPbQ==",
      "requires": {
        "d3-array": "^2.3.0",
        "d3-format": "1 - 2",
        "d3-interpolate": "1.2.0 - 2",
        "d3-time": "^2.1.1",
        "d3-time-format": "2 - 3"
      }
    },
    "d3-time": {
      "version": "2.1.1",
      "resolved": "https://registry.npmjs.org/d3-time/-/d3-time-2.1.1.tgz",
      "integrity": "sha512-/eIQe/eR4kCQwq7yxi7z4c6qEXf2IYGcjoWB5OOQy4Tq9Uv39/947qlDcN2TLkiTzQWzvnsuYPB9TrWaNfipKQ==",
      "requires": {
        "d3-array": "2"
      }
    },
    "d3-time-format": {
      "version": "3.0.0",
      "resolved": "https://registry.npmjs.org/d3-time-format/-/d3-time-format-3.0.0.tgz",
      "integrity": "sha512-UXJh6EKsHBTjopVqZBhFysQcoXSv/5yLONZvkQ5Kk3qbwiUYkdX17Xa1PT6U1ZWXGGfB1ey5L8dKMlFq2DO0Ag==",
      "requires": {
        "d3-time": "1 - 2"
      }
    },
    "debounce": {
      "version": "1.2.1",
      "resolved": "https://registry.npmjs.org/debounce/-/debounce-1.2.1.tgz",
      "integrity": "sha512-XRRe6Glud4rd/ZGQfiV1ruXSfbvfJedlV9Y6zOlP+2K04vBYiJEte6stfFkCP03aMnY5tsipamumUjL14fofug=="
    },
    "es6-tween": {
      "version": "5.5.11",
      "resolved": "https://registry.npmjs.org/es6-tween/-/es6-tween-5.5.11.tgz",
      "integrity": "sha512-pRog/aPrGkPnblRJvuGcVTxlLqIu1TivB39zc6lw7jgOqIyOkqTBlTVr7ynlLjVGviezfYc3CZJWVAtOU3aoXQ=="
    },
    "internmap": {
      "version": "1.0.1",
      "resolved": "https://registry.npmjs.org/internmap/-/internmap-1.0.1.tgz",
      "integrity": "sha512-lDB5YccMydFBtasVtxnZ3MRBHuaoE8GKsppq+EchKL2U4nK/DmEpPHNH8MZe5HkMtpSiTSOZwfN0tzYjO/lJEw=="
    },
    "js-tokens": {
      "version": "4.0.0",
      "resolved": "https://registry.npmjs.org/js-tokens/-/js-tokens-4.0.0.tgz",
      "integrity": "sha512-RdJUflcE3cUzKiMqQgsCu06FPu9UdIJO0beYbPhHN4k6apgJtifcoCtT9bcxOpYBtpD2kCM6Sbzg4CausW/PKQ=="
    },
    "loose-envify": {
      "version": "1.4.0",
      "resolved": "https://registry.npmjs.org/loose-envify/-/loose-envify-1.4.0.tgz",
      "integrity": "sha512-lyuxPGr/Wfhrlem2CL/UcnUc1zcqKAImBDzukY7Y5F/yQiNdko6+fRLevlw1HgMySw7f611UIY408EtxRSoK3Q==",
      "requires": {
        "js-tokens": "^3.0.0 || ^4.0.0"
      }
    },
    "nanoid": {
      "version": "3.3.4",
      "resolved": "https://registry.npmjs.org/nanoid/-/nanoid-3.3.4.tgz",
      "integrity": "sha512-MqBkQh/OHTS2egovRtLk45wEyNXwF+cokD+1YPf9u5VfJiRdAiRwB2froX5Co9Rh20xs4siNPm8naNotSD6RBw=="
    },
    "next": {
      "version": "12.2.5",
      "resolved": "https://registry.npmjs.org/next/-/next-12.2.5.tgz",
      "integrity": "sha512-tBdjqX5XC/oFs/6gxrZhjmiq90YWizUYU6qOWAfat7zJwrwapJ+BYgX2PmiacunXMaRpeVT4vz5MSPSLgNkrpA==",
      "requires": {
        "@next/env": "12.2.5",
        "@next/swc-android-arm-eabi": "12.2.5",
        "@next/swc-android-arm64": "12.2.5",
        "@next/swc-darwin-arm64": "12.2.5",
        "@next/swc-darwin-x64": "12.2.5",
        "@next/swc-freebsd-x64": "12.2.5",
        "@next/swc-linux-arm-gnueabihf": "12.2.5",
        "@next/swc-linux-arm64-gnu": "12.2.5",
        "@next/swc-linux-arm64-musl": "12.2.5",
        "@next/swc-linux-x64-gnu": "12.2.5",
        "@next/swc-linux-x64-musl": "12.2.5",
        "@next/swc-win32-arm64-msvc": "12.2.5",
        "@next/swc-win32-ia32-msvc": "12.2.5",
        "@next/swc-win32-x64-msvc": "12.2.5",
        "@swc/helpers": "0.4.3",
        "caniuse-lite": "^1.0.30001332",
        "postcss": "8.4.14",
        "styled-jsx": "5.0.4",
        "use-sync-external-store": "1.2.0"
      }
    },
    "picocolors": {
      "version": "1.0.0",
      "resolved": "https://registry.npmjs.org/picocolors/-/picocolors-1.0.0.tgz",
      "integrity": "sha512-1fygroTLlHu66zi26VoTDv8yRgm0Fccecssto+MhsZ0D/DGW2sm8E8AjW7NU5VVTRt5GxbeZ5qBuJr+HyLYkjQ=="
    },
    "postcss": {
      "version": "8.4.14",
      "resolved": "https://registry.npmjs.org/postcss/-/postcss-8.4.14.tgz",
      "integrity": "sha512-E398TUmfAYFPBSdzgeieK2Y1+1cpdxJx8yXbK/m57nRhKSmk1GB2tO4lbLBtlkfPQTDKfe4Xqv1ASWPpayPEig==",
      "requires": {
        "nanoid": "^3.3.4",
        "picocolors": "^1.0.0",
        "source-map-js": "^1.0.2"
      }
    },
    "react": {
      "version": "18.2.0",
      "resolved": "https://registry.npmjs.org/react/-/react-18.2.0.tgz",
      "integrity": "sha512-/3IjMdb2L9QbBdWiW5e3P2/npwMBaU9mHCSCUzNln0ZCYbcfTsGbTJrU/kGemdH2IWmB2ioZ+zkxtmq6g09fGQ==",
      "requires": {
        "loose-envify": "^1.1.0"
      }
    },
    "react-dom": {
      "version": "18.2.0",
      "resolved": "https://registry.npmjs.org/react-dom/-/react-dom-18.2.0.tgz",
      "integrity": "sha512-6IMTriUmvsjHUjNtEDudZfuDQUoWXVxKHhlEGSk81n4YFS+r/Kl99wXiwlVXtPBtJenozv2P+hxDsw9eA7Xo6g==",
      "requires": {
        "loose-envify": "^1.1.0",
        "scheduler": "^0.23.0"
      },
      "dependencies": {
        "scheduler": {
          "version": "0.23.0",
          "resolved": "https://registry.npmjs.org/scheduler/-/scheduler-0.23.0.tgz",
          "integrity": "sha512-CtuThmgHNg7zIZWAXi3AsyIzA3n4xx7aNyjwC2VJldO2LMVDhFK+63xGqq6CsJH4rTAt6/M+N4GhZiDYPx9eUw==",
          "requires": {
            "loose-envify": "^1.1.0"
          }
        }
      }
    },
    "react-globe": {
      "version": "5.0.2",
      "resolved": "https://registry.npmjs.org/react-globe/-/react-globe-5.0.2.tgz",
      "integrity": "sha512-ODLuPsmmbhiiOzF3Dqq5m4IYxxkA8r7oc2MPF4SgedkRLLptD8LsF6BrQhc4N/rMf/H4Hpv1gSaXJOClQRYnsw==",
      "requires": {
        "d3-scale": "^3.0.0",
        "es6-tween": "^5.5.10",
        "resize-observer-polyfill": "^1.5.1",
        "three-glow-mesh": "^0.1.2",
        "three.interaction": "^0.2.3",
        "tippy.js": "^6.2.6"
      }
    },
    "react-icons": {
      "version": "4.4.0",
      "resolved": "https://registry.npmjs.org/react-icons/-/react-icons-4.4.0.tgz",
      "integrity": "sha512-fSbvHeVYo/B5/L4VhB7sBA1i2tS8MkT0Hb9t2H1AVPkwGfVHLJCqyr2Py9dKMxsyM63Eng1GkdZfbWj+Fmv8Rg=="
    },
    "react-reconciler": {
      "version": "0.27.0",
      "resolved": "https://registry.npmjs.org/react-reconciler/-/react-reconciler-0.27.0.tgz",
      "integrity": "sha512-HmMDKciQjYmBRGuuhIaKA1ba/7a+UsM5FzOZsMO2JYHt9Jh8reCb7j1eDC95NOyUlKM9KRyvdx0flBuDvYSBoA==",
      "requires": {
        "loose-envify": "^1.1.0",
        "scheduler": "^0.21.0"
      }
    },
    "react-three-fiber": {
      "version": "6.0.13",
      "resolved": "https://registry.npmjs.org/react-three-fiber/-/react-three-fiber-6.0.13.tgz",
      "integrity": "sha512-uShQnkMVLvnzwf3YzY9mnzCnpmLpvTQkc0ycrtwk8fyjXmZt2695tLn3tufPF6uxq06UKJRKJcjCVCMXyUcEPQ==",
      "requires": {
        "@react-three/fiber": "latest"
      }
    },
    "react-use-measure": {
      "version": "2.1.1",
      "resolved": "https://registry.npmjs.org/react-use-measure/-/react-use-measure-2.1.1.tgz",
      "integrity": "sha512-nocZhN26cproIiIduswYpV5y5lQpSQS1y/4KuvUCjSKmw7ZWIS/+g3aFnX3WdBkyuGUtTLif3UTqnLLhbDoQig==",
      "requires": {
        "debounce": "^1.2.1"
      }
    },
    "regenerator-runtime": {
      "version": "0.13.9",
      "resolved": "https://registry.npmjs.org/regenerator-runtime/-/regenerator-runtime-0.13.9.tgz",
      "integrity": "sha512-p3VT+cOEgxFsRRA9X4lkI1E+k2/CtnKtU4gcxyaCUreilL/vqI6CdZ3wxVUx3UOUg+gnUOQQcRI7BmSI656MYA=="
    },
    "resize-observer-polyfill": {
      "version": "1.5.1",
      "resolved": "https://registry.npmjs.org/resize-observer-polyfill/-/resize-observer-polyfill-1.5.1.tgz",
      "integrity": "sha512-LwZrotdHOo12nQuZlHEmtuXdqGoOD0OhaxopaNFxWzInpEgaLWoVuAMbTzixuosCx2nEG58ngzW3vxdWoxIgdg=="
    },
    "scheduler": {
      "version": "0.21.0",
      "resolved": "https://registry.npmjs.org/scheduler/-/scheduler-0.21.0.tgz",
      "integrity": "sha512-1r87x5fz9MXqswA2ERLo0EbOAU74DpIUO090gIasYTqlVoJeMcl+Z1Rg7WHz+qtPujhS/hGIt9kxZOYBV3faRQ==",
      "requires": {
        "loose-envify": "^1.1.0"
      }
    },
    "source-map-js": {
      "version": "1.0.2",
      "resolved": "https://registry.npmjs.org/source-map-js/-/source-map-js-1.0.2.tgz",
      "integrity": "sha512-R0XvVJ9WusLiqTCEiGCmICCMplcCkIwwR11mOSD9CR5u+IXYdiseeEuXCVAjS54zqwkLcPNnmU4OeJ6tUrWhDw=="
    },
    "styled-jsx": {
      "version": "5.0.4",
      "resolved": "https://registry.npmjs.org/styled-jsx/-/styled-jsx-5.0.4.tgz",
      "integrity": "sha512-sDFWLbg4zR+UkNzfk5lPilyIgtpddfxXEULxhujorr5jtePTUqiPDc5BC0v1NRqTr/WaFBGQQUoYToGlF4B2KQ=="
    },
    "suspend-react": {
      "version": "0.0.8",
      "resolved": "https://registry.npmjs.org/suspend-react/-/suspend-react-0.0.8.tgz",
      "integrity": "sha512-ZC3r8Hu1y0dIThzsGw0RLZplnX9yXwfItcvaIzJc2VQVi8TGyGDlu92syMB5ulybfvGLHAI5Ghzlk23UBPF8xg=="
    },
    "three": {
      "version": "0.143.0",
      "resolved": "https://registry.npmjs.org/three/-/three-0.143.0.tgz",
      "integrity": "sha512-oKcAGYHhJ46TGEuHjodo2n6TY2R6lbvrkp+feKZxqsUL/WkH7GKKaeu6RHeyb2Xjfk2dPLRKLsOP0KM2VgT8Zg=="
    },
    "three-glow-mesh": {
      "version": "0.1.2",
      "resolved": "https://registry.npmjs.org/three-glow-mesh/-/three-glow-mesh-0.1.2.tgz",
      "integrity": "sha512-sjiRl8PdRuc5xzZtaAusumx4sS/zRAYiFSQ1bNefRrJOXgu+ZHxq4/vYwRoa85PwPKLkp2SCo3Lu4JfJrphngw=="
    },
    "three.interaction": {
      "version": "0.2.3",
      "resolved": "https://registry.npmjs.org/three.interaction/-/three.interaction-0.2.3.tgz",
      "integrity": "sha512-gipj4E9WSASSys3SC5uU8HPmHodTDYmggJqKN5yjl6S2vG966EkGLu67jkXQoyB/yvGx38C72vHwdjICAh+avg=="
    },
    "tippy.js": {
      "version": "6.3.7",
      "resolved": "https://registry.npmjs.org/tippy.js/-/tippy.js-6.3.7.tgz",
      "integrity": "sha512-E1d3oP2emgJ9dRQZdf3Kkn0qJgI6ZLpyS5z6ZkY1DF3kaQaBsGZsndEpHwx+eC+tYM41HaSNvNtLx8tU57FzTQ==",
      "requires": {
        "@popperjs/core": "^2.9.0"
      }
    },
    "tslib": {
      "version": "2.4.0",
      "resolved": "https://registry.npmjs.org/tslib/-/tslib-2.4.0.tgz",
      "integrity": "sha512-d6xOpEDfsi2CZVlPQzGeux8XMwLT9hssAsaPYExaQMuYskwb+x1x7J371tWlbBdWHroy99KnVB6qIkUbs5X3UQ=="
    },
    "use-sync-external-store": {
      "version": "1.2.0",
      "resolved": "https://registry.npmjs.org/use-sync-external-store/-/use-sync-external-store-1.2.0.tgz",
      "integrity": "sha512-eEgnFxGQ1Ife9bzYs6VLi8/4X6CObHMw9Qr9tPY43iKwsPw8xE8+EFsf/2cFZ5S3esXgpWgtSCtLNS41F+sKPA=="
    },
    "zustand": {
      "version": "3.7.2",
      "resolved": "https://registry.npmjs.org/zustand/-/zustand-3.7.2.tgz",
      "integrity": "sha512-PIJDIZKtokhof+9+60cpockVOq05sJzHCriyvaLBmEJixseQ1a5Kdov6fWZfWOu5SK9c+FhH1jU0tntLxRJYMA=="
    }
  }
}
